// !$*UTF8*$!
{
	archiveVersion = 1;
	classes = {
	};
	objectVersion = 46;
	objects = {

/* Begin PBXBuildFile section */
		D04796211C7FC333006DE2A7 /* AppDelegate.swift in Sources */ = {isa = PBXBuildFile; fileRef = D04796201C7FC333006DE2A7 /* AppDelegate.swift */; };
		D04796231C7FC333006DE2A7 /* ViewController.swift in Sources */ = {isa = PBXBuildFile; fileRef = D04796221C7FC333006DE2A7 /* ViewController.swift */; };
		D04796261C7FC333006DE2A7 /* Main.storyboard in Resources */ = {isa = PBXBuildFile; fileRef = D04796241C7FC333006DE2A7 /* Main.storyboard */; };
		D04796291C7FC333006DE2A7 /* Calc.xcdatamodeld in Sources */ = {isa = PBXBuildFile; fileRef = D04796271C7FC333006DE2A7 /* Calc.xcdatamodeld */; };
		D047962B1C7FC333006DE2A7 /* Assets.xcassets in Resources */ = {isa = PBXBuildFile; fileRef = D047962A1C7FC333006DE2A7 /* Assets.xcassets */; };
		D047962E1C7FC333006DE2A7 /* LaunchScreen.storyboard in Resources */ = {isa = PBXBuildFile; fileRef = D047962C1C7FC333006DE2A7 /* LaunchScreen.storyboard */; };
/* End PBXBuildFile section */

/* Begin PBXFileReference section */
		D047961D1C7FC333006DE2A7 /* Calc.app */ = {isa = PBXFileReference; explicitFileType = wrapper.application; includeInIndex = 0; path = Calc.app; sourceTree = BUILT_PRODUCTS_DIR; };
		D04796201C7FC333006DE2A7 /* AppDelegate.swift */ = {isa = PBXFileReference; lastKnownFileType = sourcecode.swift; path = AppDelegate.swift; sourceTree = "<group>"; };
		D04796221C7FC333006DE2A7 /* ViewController.swift */ = {isa = PBXFileReference; lastKnownFileType = sourcecode.swift; path = ViewController.swift; sourceTree = "<group>"; };
		D04796251C7FC333006DE2A7 /* Base */ = {isa = PBXFileReference; lastKnownFileType = file.storyboard; name = Base; path = Base.lproj/Main.storyboard; sourceTree = "<group>"; };
		D04796281C7FC333006DE2A7 /* Calc.xcdatamodel */ = {isa = PBXFileReference; lastKnownFileType = wrapper.xcdatamodel; path = Calc.xcdatamodel; sourceTree = "<group>"; };
		D047962A1C7FC333006DE2A7 /* Assets.xcassets */ = {isa = PBXFileReference; lastKnownFileType = folder.assetcatalog; path = Assets.xcassets; sourceTree = "<group>"; };
		D047962D1C7FC333006DE2A7 /* Base */ = {isa = PBXFileReference; lastKnownFileType = file.storyboard; name = Base; path = Base.lproj/LaunchScreen.storyboard; sourceTree = "<group>"; };
		D047962F1C7FC333006DE2A7 /* Info.plist */ = {isa = PBXFileReference; lastKnownFileType = text.plist.xml; path = Info.plist; sourceTree = "<group>"; };
/* End PBXFileReference section */

/* Begin PBXFrameworksBuildPhase section */
		D047961A1C7FC333006DE2A7 /* Frameworks */ = {
			isa = PBXFrameworksBuildPhase;
			buildActionMask = 2147483647;
			files = (
			);
			runOnlyForDeploymentPostprocessing = 0;
		};
/* End PBXFrameworksBuildPhase section */

/* Begin PBXGroup section */
		D04796141C7FC333006DE2A7 = {
			isa = PBXGroup;
			children = (
				D047961F1C7FC333006DE2A7 /* Calc */,
				D047961E1C7FC333006DE2A7 /* Products */,
			);
			sourceTree = "<group>";
		};
		D047961E1C7FC333006DE2A7 /* Products */ = {
			isa = PBXGroup;
			children = (
				D047961D1C7FC333006DE2A7 /* Calc.app */,
			);
			name = Products;
			sourceTree = "<group>";
		};
		D047961F1C7FC333006DE2A7 /* Calc */ = {
			isa = PBXGroup;
			children = (
				D04796201C7FC333006DE2A7 /* AppDelegate.swift */,
				D04796221C7FC333006DE2A7 /* ViewController.swift */,
				D04796241C7FC333006DE2A7 /* Main.storyboard */,
				D047962A1C7FC333006DE2A7 /* Assets.xcassets */,
				D047962C1C7FC333006DE2A7 /* LaunchScreen.storyboard */,
				D047962F1C7FC333006DE2A7 /* Info.plist */,
				D04796271C7FC333006DE2A7 /* Calc.xcdatamodeld */,
			);
			path = Calc;
			sourceTree = "<group>";
		};
/* End PBXGroup section */

/* Begin PBXNativeTarget section */
		D047961C1C7FC333006DE2A7 /* Calc */ = {
			isa = PBXNativeTarget;
			buildConfigurationList = D04796321C7FC333006DE2A7 /* Build configuration list for PBXNativeTarget "Calc" */;
			buildPhases = (
				D04796191C7FC333006DE2A7 /* Sources */,
				D047961A1C7FC333006DE2A7 /* Frameworks */,
				D047961B1C7FC333006DE2A7 /* Resources */,
			);
			buildRules = (
			);
			dependencies = (
			);
			name = Calc;
			productName = Calc;
			productReference = D047961D1C7FC333006DE2A7 /* Calc.app */;
			productType = "com.apple.product-type.application";
		};
/* End PBXNativeTarget section */

/* Begin PBXProject section */
		D04796151C7FC333006DE2A7 /* Project object */ = {
			isa = PBXProject;
			attributes = {
				LastSwiftUpdateCheck = 0720;
				LastUpgradeCheck = 0720;
				ORGANIZATIONNAME = Incubo;
				TargetAttributes = {
					D047961C1C7FC333006DE2A7 = {
						CreatedOnToolsVersion = 7.2.1;
						DevelopmentTeam = 2YU3EN97DX;
					};
				};
			};
			buildConfigurationList = D04796181C7FC333006DE2A7 /* Build configuration list for PBXProject "Calc" */;
			compatibilityVersion = "Xcode 3.2";
			developmentRegion = English;
			hasScannedForEncodings = 0;
			knownRegions = (
				en,
				Base,
			);
			mainGroup = D04796141C7FC333006DE2A7;
			productRefGroup = D047961E1C7FC333006DE2A7 /* Products */;
			projectDirPath = "";
			projectRoot = "";
			targets = (
				D047961C1C7FC333006DE2A7 /* Calc */,
			);
		};
/* End PBXProject section */

/* Begin PBXResourcesBuildPhase section */
		D047961B1C7FC333006DE2A7 /* Resources */ = {
			isa = PBXResourcesBuildPhase;
			buildActionMask = 2147483647;
			files = (
				D047962E1C7FC333006DE2A7 /* LaunchScreen.storyboard in Resources */,
				D047962B1C7FC333006DE2A7 /* Assets.xcassets in Resources */,
				D04796261C7FC333006DE2A7 /* Main.storyboard in Resources */,
			);
			runOnlyForDeploymentPostprocessing = 0;
		};
/* End PBXResourcesBuildPhase section */

/* Begin PBXSourcesBuildPhase section */
		D04796191C7FC333006DE2A7 /* Sources */ = {
			isa = PBXSourcesBuildPhase;
			buildActionMask = 2147483647;
			files = (
				D04796291C7FC333006DE2A7 /* Calc.xcdatamodeld in Sources */,
				D04796231C7FC333006DE2A7 /* ViewController.swift in Sources */,
				D04796211C7FC333006DE2A7 /* AppDelegate.swift in Sources */,
			);
			runOnlyForDeploymentPostprocessing = 0;
		};
/* End PBXSourcesBuildPhase section */

/* Begin PBXVariantGroup section */
		D04796241C7FC333006DE2A7 /* Main.storyboard */ = {
			isa = PBXVariantGroup;
			children = (
				D04796251C7FC333006DE2A7 /* Base */,
			);
			name = Main.storyboard;
			sourceTree = "<group>";
		};
		D047962C1C7FC333006DE2A7 /* LaunchScreen.storyboard */ = {
			isa = PBXVariantGroup;
			children = (
				D047962D1C7FC333006DE2A7 /* Base */,
			);
			name = LaunchScreen.storyboard;
			sourceTree = "<group>";
		};
/* End PBXVariantGroup section */

/* Begin XCBuildConfiguration section */
		D04796301C7FC333006DE2A7 /* Debug */ = {
			isa = XCBuildConfiguration;
			buildSettings = {
				ALWAYS_SEARCH_USER_PATHS = NO;
				CLANG_CXX_LANGUAGE_STANDARD = "gnu++0x";
				CLANG_CXX_LIBRARY = "libc++";
				CLANG_ENABLE_MODULES = YES;
				CLANG_ENABLE_OBJC_ARC = YES;
				CLANG_WARN_BOOL_CONVERSION = YES;
				CLANG_WARN_CONSTANT_CONVERSION = YES;
				CLANG_WARN_DIRECT_OBJC_ISA_USAGE = YES_ERROR;
				CLANG_WARN_EMPTY_BODY = YES;
				CLANG_WARN_ENUM_CONVERSION = YES;
				CLANG_WARN_INT_CONVERSION = YES;
				CLANG_WARN_OBJC_ROOT_CLASS = YES_ERROR;
				CLANG_WARN_UNREACHABLE_CODE = YES;
				CLANG_WARN__DUPLICATE_METHOD_MATCH = YES;
				"CODE_SIGN_IDENTITY[sdk=iphoneos*]" = "iPhone Developer";
				COPY_PHASE_STRIP = NO;
				DEBUG_INFORMATION_FORMAT = dwarf;
				ENABLE_STRICT_OBJC_MSGSEND = YES;
				ENABLE_TESTABILITY = YES;
				GCC_C_LANGUAGE_STANDARD = gnu99;
				GCC_DYNAMIC_NO_PIC = NO;
				GCC_NO_COMMON_BLOCKS = YES;
				GCC_OPTIMIZATION_LEVEL = 0;
				GCC_PREPROCESSOR_DEFINITIONS = (
					"DEBUG=1",
					"$(inherited)",
				);
				GCC_WARN_64_TO_32_BIT_CONVERSION = YES;
				GCC_WARN_ABOUT_RETURN_TYPE = YES_ERROR;
				GCC_WARN_UNDECLARED_SELECTOR = YES;
				GCC_WARN_UNINITIALIZED_AUTOS = YES_AGGRESSIVE;
				GCC_WARN_UNUSED_FUNCTION = YES;
				GCC_WARN_UNUSED_VARIABLE = YES;
				IPHONEOS_DEPLOYMENT_TARGET = 9.2;
				MTL_ENABLE_DEBUG_INFO = YES;
				ONLY_ACTIVE_ARCH = YES;
				SDKROOT = iphoneos;
				SWIFT_OPTIMIZATION_LEVEL = "-Onone";
				TARGETED_DEVICE_FAMILY = "1,2";
			};
			name = Debug;
		};
		D04796311C7FC333006DE2A7 /* Release */ = {
			isa = XCBuildConfiguration;
			buildSettings = {
				ALWAYS_SEARCH_USER_PATHS = NO;
				CLANG_CXX_LANGUAGE_STANDARD = "gnu++0x";
				CLANG_CXX_LIBRARY = "libc++";
				CLANG_ENABLE_MODULES = YES;
				CLANG_ENABLE_OBJC_ARC = YES;
				CLANG_WARN_BOOL_CONVERSION = YES;
				CLANG_WARN_CONSTANT_CONVERSION = YES;
				CLANG_WARN_DIRECT_OBJC_ISA_USAGE = YES_ERROR;
				CLANG_WARN_EMPTY_BODY = YES;
				CLANG_WARN_ENUM_CONVERSION = YES;
				CLANG_WARN_INT_CONVERSION = YES;
				CLANG_WARN_OBJC_ROOT_CLASS = YES_ERROR;
				CLANG_WARN_UNREACHABLE_CODE = YES;
				CLANG_WARN__DUPLICATE_METHOD_MATCH = YES;
				"CODE_SIGN_IDENTITY[sdk=iphoneos*]" = "iPhone Developer";
				COPY_PHASE_STRIP = NO;
				DEBUG_INFORMATION_FORMAT = "dwarf-with-dsym";
				ENABLE_NS_ASSERTIONS = NO;
				ENABLE_STRICT_OBJC_MSGSEND = YES;
				GCC_C_LANGUAGE_STANDARD = gnu99;
				GCC_NO_COMMON_BLOCKS = YES;
				GCC_WARN_64_TO_32_BIT_CONVERSION = YES;
				GCC_WARN_ABOUT_RETURN_TYPE = YES_ERROR;
				GCC_WARN_UNDECLARED_SELECTOR = YES;
				GCC_WARN_UNINITIALIZED_AUTOS = YES_AGGRESSIVE;
				GCC_WARN_UNUSED_FUNCTION = YES;
				GCC_WARN_UNUSED_VARIABLE = YES;
				IPHONEOS_DEPLOYMENT_TARGET = 9.2;
				MTL_ENABLE_DEBUG_INFO = NO;
				SDKROOT = iphoneos;
				TARGETED_DEVICE_FAMILY = "1,2";
				VALIDATE_PRODUCT = YES;
			};
			name = Release;
		};
		D04796331C7FC333006DE2A7 /* Debug */ = {
			isa = XCBuildConfiguration;
			buildSettings = {
				ASSETCATALOG_COMPILER_APPICON_NAME = AppIcon;
				INFOPLIST_FILE = Calc/Info.plist;
				LD_RUNPATH_SEARCH_PATHS = "$(inherited) @executable_path/Frameworks";
				PRODUCT_BUNDLE_IDENTIFIER = ca.incubo.Calc;
				PRODUCT_NAME = "$(TARGET_NAME)";
			};
			name = Debug;
		};
		D04796341C7FC333006DE2A7 /* Release */ = {
			isa = XCBuildConfiguration;
			buildSettings = {
				ASSETCATALOG_COMPILER_APPICON_NAME = AppIcon;
				INFOPLIST_FILE = Calc/Info.plist;
				LD_RUNPATH_SEARCH_PATHS = "$(inherited) @executable_path/Frameworks";
				PRODUCT_BUNDLE_IDENTIFIER = ca.incubo.Calc;
				PRODUCT_NAME = "$(TARGET_NAME)";
			};
			name = Release;
		};
/* End XCBuildConfiguration section */

/* Begin XCConfigurationList section */
		D04796181C7FC333006DE2A7 /* Build configuration list for PBXProject "Calc" */ = {
			isa = XCConfigurationList;
			buildConfigurations = (
				D04796301C7FC333006DE2A7 /* Debug */,
				D04796311C7FC333006DE2A7 /* Release */,
			);
			defaultConfigurationIsVisible = 0;
			defaultConfigurationName = Release;
		};
		D04796321C7FC333006DE2A7 /* Build configuration list for PBXNativeTarget "Calc" */ = {
			isa = XCConfigurationList;
			buildConfigurations = (
				D04796331C7FC333006DE2A7 /* Debug */,
				D04796341C7FC333006DE2A7 /* Release */,
			);
			defaultConfigurationIsVisible = 0;
		};
/* End XCConfigurationList section */

/* Begin XCVersionGroup section */
		D04796271C7FC333006DE2A7 /* Calc.xcdatamodeld */ = {
			isa = XCVersionGroup;
			children = (
				D04796281C7FC333006DE2A7 /* Calc.xcdatamodel */,
			);
			currentVersion = D04796281C7FC333006DE2A7 /* Calc.xcdatamodel */;
			path = Calc.xcdatamodeld;
			sourceTree = "<group>";
			versionGroupType = wrapper.xcdatamodel;
		};
/* End XCVersionGroup section */
	};
	rootObject = D04796151C7FC333006DE2A7 /* Project object */;
}
